
Microsoft Visual Studio Solution File, Format Version 12.00
# Visual Studio 15
VisualStudioVersion = 15.0.27004.2009
MinimumVisualStudioVersion = 10.0.40219.1
Project("{FAE04EC0-301F-11D3-BF4B-00C04F79EFBC}") = "CircleAreaWith12Digits", "CircleAreaWith12Digits\CircleAreaWith12Digits.csproj", "{8973B574-535E-4D76-B9AA-51755F57C952}"
EndProject
Project("{FAE04EC0-301F-11D3-BF4B-00C04F79EFBC}") = "ExactSumOfRealNumbers", "ExactSumOfRealNumbers\ExactSumOfRealNumbers.csproj", "{397399B7-F93D-4FA2-8152-EA8083511195}"
EndProject
Project("{FAE04EC0-301F-11D3-BF4B-00C04F79EFBC}") = "CenturiesToNanoseconds", "CenturiesToNanoseconds\CenturiesToNanoseconds.csproj", "{18DF371F-000C-4EF5-A8A6-5FE0CB4A1BF7}"
EndProject
Project("{FAE04EC0-301F-11D3-BF4B-00C04F79EFBC}") = "ConvertSpeedUnits", "ConvertSpeedUnits\ConvertSpeedUnits.csproj", "{8E46A01C-0567-4AE1-B3AF-4ABDF76F79B8}"
EndProject
Project("{FAE04EC0-301F-11D3-BF4B-00C04F79EFBC}") = "RectangleProperties", "RectangleProperties\RectangleProperties.csproj", "{1CC2095E-5E72-4018-AA55-FCF4608A706A}"
EndProject
Project("{FAE04EC0-301F-11D3-BF4B-00C04F79EFBC}") = "VowelOrDigit", "VowelOrDigit\VowelOrDigit.csproj", "{7BAD118B-E629-48E0-8893-A9CC134E7FF2}"
EndProject
Project("{FAE04EC0-301F-11D3-BF4B-00C04F79EFBC}") = "IntegerToHexAndBinary", "IntegerToHexAndBinary\IntegerToHexAndBinary.csproj", "{840A2C3F-FB42-40DF-A11D-6DFA8F757753}"
EndProject
Project("{FAE04EC0-301F-11D3-BF4B-00C04F79EFBC}") = "FastPrimeChecker", "FastPrimeChecker\FastPrimeChecker.csproj", "{C047FD47-120A-48CF-BBEE-4887643E68E1}"
EndProject
Project("{FAE04EC0-301F-11D3-BF4B-00C04F79EFBC}") = "ComparingFloats", "ComparingFloats\ComparingFloats.csproj", "{533AFD76-26FB-4A97-8DD3-54350785E059}"
EndProject
Project("{FAE04EC0-301F-11D3-BF4B-00C04F79EFBC}") = "PrintPartOfTheAsciiTable", "PrintPartOfTheAsciiTable\PrintPartOfTheAsciiTable.csproj", "{BF586B41-B8C3-4CE7-8B1C-49CBFC57F5AF}"
EndProject
Project("{FAE04EC0-301F-11D3-BF4B-00C04F79EFBC}") = "TheaThePhotographer", "TheaThePhotographer\TheaThePhotographer.csproj", "{1AF6A90A-02CC-4997-BB66-FE5ECF603182}"
EndProject
Project("{FAE04EC0-301F-11D3-BF4B-00C04F79EFBC}") = "TypeBoundaries", "TypeBoundaries\TypeBoundaries.csproj", "{BFD49D87-7C4F-4B03-A499-2A68F9B859E4}"
EndProject
Project("{FAE04EC0-301F-11D3-BF4B-00C04F79EFBC}") = "NumberChecker", "NumberChecker\NumberChecker.csproj", "{CA7EDC1D-3596-4A41-8FDB-8955B31FC54F}"
EndProject
Project("{FAE04EC0-301F-11D3-BF4B-00C04F79EFBC}") = "WaterOverflow", "WaterOverflow\WaterOverflow.csproj", "{04A897A0-4231-44DA-9B82-6D55A471CD9C}"
EndProject
Project("{FAE04EC0-301F-11D3-BF4B-00C04F79EFBC}") = "TouristInformation", "TouristInformation\TouristInformation.csproj", "{380BDAB9-A8A6-4E2B-9BE6-B4B24CB0FEFE}"
EndProject
Project("{FAE04EC0-301F-11D3-BF4B-00C04F79EFBC}") = "WeatherForecast", "WeatherForecast\WeatherForecast.csproj", "{146EA074-F7E0-457B-B355-A33E09094C02}"
EndProject
Project("{FAE04EC0-301F-11D3-BF4B-00C04F79EFBC}") = "CatchTheThief", "CatchTheThief\CatchTheThief.csproj", "{A957E511-B540-4352-BF8F-47FEBF03111D}"
EndProject
Project("{FAE04EC0-301F-11D3-BF4B-00C04F79EFBC}") = "SentenceTheThief", "SentenceTheThief\SentenceTheThief.csproj", "{AE3135ED-5620-4809-8D07-67F3095EB2BB}"
EndProject
Project("{FAE04EC0-301F-11D3-BF4B-00C04F79EFBC}") = "HouseBuilder", "HouseBuilder\HouseBuilder.csproj", "{DFDEFAAD-97E5-48A9-816D-ECE3B450AFB3}"
EndProject
Project("{FAE04EC0-301F-11D3-BF4B-00C04F79EFBC}") = "MakeAWord", "MakeAWord\MakeAWord.csproj", "{6FFEF475-9EF5-4A0B-9607-47132E695498}"
EndProject
Project("{FAE04EC0-301F-11D3-BF4B-00C04F79EFBC}") = "SumOfChars", "SumOfChars\SumOfChars.csproj", "{6DF010BE-A1B6-4FED-A157-E957DB5A9873}"
EndProject
Project("{FAE04EC0-301F-11D3-BF4B-00C04F79EFBC}") = "StringConcatenation", "StringConcatenation\StringConcatenation.csproj", "{022D74A8-663F-4755-BE74-3045A83F5866}"
EndProject
Project("{FAE04EC0-301F-11D3-BF4B-00C04F79EFBC}") = "BeerKegs", "BeerKegs\BeerKegs.csproj", "{EEA492FD-968C-4EBA-AB99-2D856E50D46F}"
EndProject
Project("{FAE04EC0-301F-11D3-BF4B-00C04F79EFBC}") = "DecryptingMassage", "DecryptingMassage\DecryptingMassage.csproj", "{C4126A99-965B-48E1-8C29-421307F2B1B2}"
EndProject
Project("{FAE04EC0-301F-11D3-BF4B-00C04F79EFBC}") = "BoatSimulator", "BoatSimulator\BoatSimulator.csproj", "{6E5DF61E-D7B6-40A9-8E93-6EDFC1866648}"
EndProject
Project("{FAE04EC0-301F-11D3-BF4B-00C04F79EFBC}") = "BalancedBrackets", "BalancedBrackets\BalancedBrackets.csproj", "{C2D829F1-A920-4C60-82AC-ABA07B9D4278}"
EndProject
Global
	GlobalSection(SolutionConfigurationPlatforms) = preSolution
		Debug|Any CPU = Debug|Any CPU
		Release|Any CPU = Release|Any CPU
	EndGlobalSection
	GlobalSection(ProjectConfigurationPlatforms) = postSolution
		{8973B574-535E-4D76-B9AA-51755F57C952}.Debug|Any CPU.ActiveCfg = Debug|Any CPU
		{8973B574-535E-4D76-B9AA-51755F57C952}.Debug|Any CPU.Build.0 = Debug|Any CPU
		{8973B574-535E-4D76-B9AA-51755F57C952}.Release|Any CPU.ActiveCfg = Release|Any CPU
		{8973B574-535E-4D76-B9AA-51755F57C952}.Release|Any CPU.Build.0 = Release|Any CPU
		{397399B7-F93D-4FA2-8152-EA8083511195}.Debug|Any CPU.ActiveCfg = Debug|Any CPU
		{397399B7-F93D-4FA2-8152-EA8083511195}.Debug|Any CPU.Build.0 = Debug|Any CPU
		{397399B7-F93D-4FA2-8152-EA8083511195}.Release|Any CPU.ActiveCfg = Release|Any CPU
		{397399B7-F93D-4FA2-8152-EA8083511195}.Release|Any CPU.Build.0 = Release|Any CPU
		{18DF371F-000C-4EF5-A8A6-5FE0CB4A1BF7}.Debug|Any CPU.ActiveCfg = Debug|Any CPU
		{18DF371F-000C-4EF5-A8A6-5FE0CB4A1BF7}.Debug|Any CPU.Build.0 = Debug|Any CPU
		{18DF371F-000C-4EF5-A8A6-5FE0CB4A1BF7}.Release|Any CPU.ActiveCfg = Release|Any CPU
		{18DF371F-000C-4EF5-A8A6-5FE0CB4A1BF7}.Release|Any CPU.Build.0 = Release|Any CPU
		{8E46A01C-0567-4AE1-B3AF-4ABDF76F79B8}.Debug|Any CPU.ActiveCfg = Debug|Any CPU
		{8E46A01C-0567-4AE1-B3AF-4ABDF76F79B8}.Debug|Any CPU.Build.0 = Debug|Any CPU
		{8E46A01C-0567-4AE1-B3AF-4ABDF76F79B8}.Release|Any CPU.ActiveCfg = Release|Any CPU
		{8E46A01C-0567-4AE1-B3AF-4ABDF76F79B8}.Release|Any CPU.Build.0 = Release|Any CPU
		{1CC2095E-5E72-4018-AA55-FCF4608A706A}.Debug|Any CPU.ActiveCfg = Debug|Any CPU
		{1CC2095E-5E72-4018-AA55-FCF4608A706A}.Debug|Any CPU.Build.0 = Debug|Any CPU
		{1CC2095E-5E72-4018-AA55-FCF4608A706A}.Release|Any CPU.ActiveCfg = Release|Any CPU
		{1CC2095E-5E72-4018-AA55-FCF4608A706A}.Release|Any CPU.Build.0 = Release|Any CPU
		{7BAD118B-E629-48E0-8893-A9CC134E7FF2}.Debug|Any CPU.ActiveCfg = Debug|Any CPU
		{7BAD118B-E629-48E0-8893-A9CC134E7FF2}.Debug|Any CPU.Build.0 = Debug|Any CPU
		{7BAD118B-E629-48E0-8893-A9CC134E7FF2}.Release|Any CPU.ActiveCfg = Release|Any CPU
		{7BAD118B-E629-48E0-8893-A9CC134E7FF2}.Release|Any CPU.Build.0 = Release|Any CPU
		{840A2C3F-FB42-40DF-A11D-6DFA8F757753}.Debug|Any CPU.ActiveCfg = Debug|Any CPU
		{840A2C3F-FB42-40DF-A11D-6DFA8F757753}.Debug|Any CPU.Build.0 = Debug|Any CPU
		{840A2C3F-FB42-40DF-A11D-6DFA8F757753}.Release|Any CPU.ActiveCfg = Release|Any CPU
		{840A2C3F-FB42-40DF-A11D-6DFA8F757753}.Release|Any CPU.Build.0 = Release|Any CPU
		{C047FD47-120A-48CF-BBEE-4887643E68E1}.Debug|Any CPU.ActiveCfg = Debug|Any CPU
		{C047FD47-120A-48CF-BBEE-4887643E68E1}.Debug|Any CPU.Build.0 = Debug|Any CPU
		{C047FD47-120A-48CF-BBEE-4887643E68E1}.Release|Any CPU.ActiveCfg = Release|Any CPU
		{C047FD47-120A-48CF-BBEE-4887643E68E1}.Release|Any CPU.Build.0 = Release|Any CPU
		{533AFD76-26FB-4A97-8DD3-54350785E059}.Debug|Any CPU.ActiveCfg = Debug|Any CPU
		{533AFD76-26FB-4A97-8DD3-54350785E059}.Debug|Any CPU.Build.0 = Debug|Any CPU
		{533AFD76-26FB-4A97-8DD3-54350785E059}.Release|Any CPU.ActiveCfg = Release|Any CPU
		{533AFD76-26FB-4A97-8DD3-54350785E059}.Release|Any CPU.Build.0 = Release|Any CPU
		{BF586B41-B8C3-4CE7-8B1C-49CBFC57F5AF}.Debug|Any CPU.ActiveCfg = Debug|Any CPU
		{BF586B41-B8C3-4CE7-8B1C-49CBFC57F5AF}.Debug|Any CPU.Build.0 = Debug|Any CPU
		{BF586B41-B8C3-4CE7-8B1C-49CBFC57F5AF}.Release|Any CPU.ActiveCfg = Release|Any CPU
		{BF586B41-B8C3-4CE7-8B1C-49CBFC57F5AF}.Release|Any CPU.Build.0 = Release|Any CPU
		{1AF6A90A-02CC-4997-BB66-FE5ECF603182}.Debug|Any CPU.ActiveCfg = Debug|Any CPU
		{1AF6A90A-02CC-4997-BB66-FE5ECF603182}.Debug|Any CPU.Build.0 = Debug|Any CPU
		{1AF6A90A-02CC-4997-BB66-FE5ECF603182}.Release|Any CPU.ActiveCfg = Release|Any CPU
		{1AF6A90A-02CC-4997-BB66-FE5ECF603182}.Release|Any CPU.Build.0 = Release|Any CPU
		{BFD49D87-7C4F-4B03-A499-2A68F9B859E4}.Debug|Any CPU.ActiveCfg = Debug|Any CPU
		{BFD49D87-7C4F-4B03-A499-2A68F9B859E4}.Debug|Any CPU.Build.0 = Debug|Any CPU
		{BFD49D87-7C4F-4B03-A499-2A68F9B859E4}.Release|Any CPU.ActiveCfg = Release|Any CPU
		{BFD49D87-7C4F-4B03-A499-2A68F9B859E4}.Release|Any CPU.Build.0 = Release|Any CPU
		{CA7EDC1D-3596-4A41-8FDB-8955B31FC54F}.Debug|Any CPU.ActiveCfg = Debug|Any CPU
		{CA7EDC1D-3596-4A41-8FDB-8955B31FC54F}.Debug|Any CPU.Build.0 = Debug|Any CPU
		{CA7EDC1D-3596-4A41-8FDB-8955B31FC54F}.Release|Any CPU.ActiveCfg = Release|Any CPU
		{CA7EDC1D-3596-4A41-8FDB-8955B31FC54F}.Release|Any CPU.Build.0 = Release|Any CPU
		{04A897A0-4231-44DA-9B82-6D55A471CD9C}.Debug|Any CPU.ActiveCfg = Debug|Any CPU
		{04A897A0-4231-44DA-9B82-6D55A471CD9C}.Debug|Any CPU.Build.0 = Debug|Any CPU
		{04A897A0-4231-44DA-9B82-6D55A471CD9C}.Release|Any CPU.ActiveCfg = Release|Any CPU
		{04A897A0-4231-44DA-9B82-6D55A471CD9C}.Release|Any CPU.Build.0 = Release|Any CPU
		{380BDAB9-A8A6-4E2B-9BE6-B4B24CB0FEFE}.Debug|Any CPU.ActiveCfg = Debug|Any CPU
		{380BDAB9-A8A6-4E2B-9BE6-B4B24CB0FEFE}.Debug|Any CPU.Build.0 = Debug|Any CPU
		{380BDAB9-A8A6-4E2B-9BE6-B4B24CB0FEFE}.Release|Any CPU.ActiveCfg = Release|Any CPU
		{380BDAB9-A8A6-4E2B-9BE6-B4B24CB0FEFE}.Release|Any CPU.Build.0 = Release|Any CPU
		{146EA074-F7E0-457B-B355-A33E09094C02}.Debug|Any CPU.ActiveCfg = Debug|Any CPU
		{146EA074-F7E0-457B-B355-A33E09094C02}.Debug|Any CPU.Build.0 = Debug|Any CPU
		{146EA074-F7E0-457B-B355-A33E09094C02}.Release|Any CPU.ActiveCfg = Release|Any CPU
		{146EA074-F7E0-457B-B355-A33E09094C02}.Release|Any CPU.Build.0 = Release|Any CPU
		{A957E511-B540-4352-BF8F-47FEBF03111D}.Debug|Any CPU.ActiveCfg = Debug|Any CPU
		{A957E511-B540-4352-BF8F-47FEBF03111D}.Debug|Any CPU.Build.0 = Debug|Any CPU
		{A957E511-B540-4352-BF8F-47FEBF03111D}.Release|Any CPU.ActiveCfg = Release|Any CPU
		{A957E511-B540-4352-BF8F-47FEBF03111D}.Release|Any CPU.Build.0 = Release|Any CPU
		{AE3135ED-5620-4809-8D07-67F3095EB2BB}.Debug|Any CPU.ActiveCfg = Debug|Any CPU
		{AE3135ED-5620-4809-8D07-67F3095EB2BB}.Debug|Any CPU.Build.0 = Debug|Any CPU
		{AE3135ED-5620-4809-8D07-67F3095EB2BB}.Release|Any CPU.ActiveCfg = Release|Any CPU
		{AE3135ED-5620-4809-8D07-67F3095EB2BB}.Release|Any CPU.Build.0 = Release|Any CPU
		{DFDEFAAD-97E5-48A9-816D-ECE3B450AFB3}.Debug|Any CPU.ActiveCfg = Debug|Any CPU
		{DFDEFAAD-97E5-48A9-816D-ECE3B450AFB3}.Debug|Any CPU.Build.0 = Debug|Any CPU
		{DFDEFAAD-97E5-48A9-816D-ECE3B450AFB3}.Release|Any CPU.ActiveCfg = Release|Any CPU
		{DFDEFAAD-97E5-48A9-816D-ECE3B450AFB3}.Release|Any CPU.Build.0 = Release|Any CPU
		{6FFEF475-9EF5-4A0B-9607-47132E695498}.Debug|Any CPU.ActiveCfg = Debug|Any CPU
		{6FFEF475-9EF5-4A0B-9607-47132E695498}.Debug|Any CPU.Build.0 = Debug|Any CPU
		{6FFEF475-9EF5-4A0B-9607-47132E695498}.Release|Any CPU.ActiveCfg = Release|Any CPU
		{6FFEF475-9EF5-4A0B-9607-47132E695498}.Release|Any CPU.Build.0 = Release|Any CPU
		{6DF010BE-A1B6-4FED-A157-E957DB5A9873}.Debug|Any CPU.ActiveCfg = Debug|Any CPU
		{6DF010BE-A1B6-4FED-A157-E957DB5A9873}.Debug|Any CPU.Build.0 = Debug|Any CPU
		{6DF010BE-A1B6-4FED-A157-E957DB5A9873}.Release|Any CPU.ActiveCfg = Release|Any CPU
		{6DF010BE-A1B6-4FED-A157-E957DB5A9873}.Release|Any CPU.Build.0 = Release|Any CPU
		{022D74A8-663F-4755-BE74-3045A83F5866}.Debug|Any CPU.ActiveCfg = Debug|Any CPU
		{022D74A8-663F-4755-BE74-3045A83F5866}.Debug|Any CPU.Build.0 = Debug|Any CPU
		{022D74A8-663F-4755-BE74-3045A83F5866}.Release|Any CPU.ActiveCfg = Release|Any CPU
		{022D74A8-663F-4755-BE74-3045A83F5866}.Release|Any CPU.Build.0 = Release|Any CPU
		{EEA492FD-968C-4EBA-AB99-2D856E50D46F}.Debug|Any CPU.ActiveCfg = Debug|Any CPU
		{EEA492FD-968C-4EBA-AB99-2D856E50D46F}.Debug|Any CPU.Build.0 = Debug|Any CPU
		{EEA492FD-968C-4EBA-AB99-2D856E50D46F}.Release|Any CPU.ActiveCfg = Release|Any CPU
		{EEA492FD-968C-4EBA-AB99-2D856E50D46F}.Release|Any CPU.Build.0 = Release|Any CPU
		{C4126A99-965B-48E1-8C29-421307F2B1B2}.Debug|Any CPU.ActiveCfg = Debug|Any CPU
		{C4126A99-965B-48E1-8C29-421307F2B1B2}.Debug|Any CPU.Build.0 = Debug|Any CPU
		{C4126A99-965B-48E1-8C29-421307F2B1B2}.Release|Any CPU.ActiveCfg = Release|Any CPU
		{C4126A99-965B-48E1-8C29-421307F2B1B2}.Release|Any CPU.Build.0 = Release|Any CPU
		{6E5DF61E-D7B6-40A9-8E93-6EDFC1866648}.Debug|Any CPU.ActiveCfg = Debug|Any CPU
		{6E5DF61E-D7B6-40A9-8E93-6EDFC1866648}.Debug|Any CPU.Build.0 = Debug|Any CPU
		{6E5DF61E-D7B6-40A9-8E93-6EDFC1866648}.Release|Any CPU.ActiveCfg = Release|Any CPU
		{6E5DF61E-D7B6-40A9-8E93-6EDFC1866648}.Release|Any CPU.Build.0 = Release|Any CPU
		{C2D829F1-A920-4C60-82AC-ABA07B9D4278}.Debug|Any CPU.ActiveCfg = Debug|Any CPU
		{C2D829F1-A920-4C60-82AC-ABA07B9D4278}.Debug|Any CPU.Build.0 = Debug|Any CPU
		{C2D829F1-A920-4C60-82AC-ABA07B9D4278}.Release|Any CPU.ActiveCfg = Release|Any CPU
		{C2D829F1-A920-4C60-82AC-ABA07B9D4278}.Release|Any CPU.Build.0 = Release|Any CPU
	EndGlobalSection
	GlobalSection(SolutionProperties) = preSolution
		HideSolutionNode = FALSE
	EndGlobalSection
	GlobalSection(ExtensibilityGlobals) = postSolution
		SolutionGuid = {4A4C847C-4287-4AD8-BDD7-5F5BFEA53605}
	EndGlobalSection
EndGlobal
